
Microsoft Visual Studio Solution File, Format Version 12.00
# Visual Studio Version 17
VisualStudioVersion = 17.13.35806.99 d17.13
MinimumVisualStudioVersion = 10.0.40219.1
Project("{FAE04EC0-301F-11D3-BF4B-00C04F79EFBC}") = "1420 Final - Game", "1420 Final - Game\1420 Final - Game.csproj", "{6A584DCD-E659-4A9D-AD19-5B5F0615A491}"
EndProject
Global
	GlobalSection(SolutionConfigurationPlatforms) = preSolution
		Debug|Any CPU = Debug|Any CPU
		Release|Any CPU = Release|Any CPU
	EndGlobalSection
	GlobalSection(ProjectConfigurationPlatforms) = postSolution
		{6A584DCD-E659-4A9D-AD19-5B5F0615A491}.Debug|Any CPU.ActiveCfg = Debug|Any CPU
		{6A584DCD-E659-4A9D-AD19-5B5F0615A491}.Debug|Any CPU.Build.0 = Debug|Any CPU
		{6A584DCD-E659-4A9D-AD19-5B5F0615A491}.Release|Any CPU.ActiveCfg = Release|Any CPU
		{6A584DCD-E659-4A9D-AD19-5B5F0615A491}.Release|Any CPU.Build.0 = Release|Any CPU
	EndGlobalSection
	GlobalSection(SolutionProperties) = preSolution
		HideSolutionNode = FALSE
	EndGlobalSection
	GlobalSection(ExtensibilityGlobals) = postSolution
		SolutionGuid = {B4238FA0-DB47-48F1-860C-305F2DF99A86}
	EndGlobalSection
EndGlobal
